
Microsoft Visual Studio Solution File, Format Version 12.00
# Visual Studio Version 17
VisualStudioVersion = 17.7.34221.43
MinimumVisualStudioVersion = 10.0.40219.1
Project("{2150E333-8FDC-42A3-9474-1A3956D46DE8}") = "OnionArchitecture", "OnionArchitecture", "{DF8B01D0-EA1A-45C9-B2CC-807BEF06B48D}"
EndProject
Project("{9A19103F-16F7-4668-BE54-9A1E7A4F7556}") = "Core", "OnionArchitecture\Core\Core.csproj", "{A0019770-97B8-414E-8775-A00F74C4978D}"
EndProject
Project("{2150E333-8FDC-42A3-9474-1A3956D46DE8}") = "Testing", "Testing", "{C79D2225-BA84-4832-A775-F1CFC7DD0587}"
EndProject
Project("{9A19103F-16F7-4668-BE54-9A1E7A4F7556}") = "Core.Test", "Testing\Core.Test\Core.Test.csproj", "{09169D24-665E-4C52-9569-C64435D9D576}"
EndProject
Project("{2150E333-8FDC-42A3-9474-1A3956D46DE8}") = "BuildScripts", "BuildScripts", "{8DD44BFA-B5BA-4957-8588-13C0EFAC6136}"
	ProjectSection(SolutionItems) = preProject
		build.bat = build.bat
		build.ps1 = build.ps1
		BuildFunctions.ps1 = BuildFunctions.ps1
		click_to_build.bat = click_to_build.bat
		PrivateBuild.ps1 = PrivateBuild.ps1
	EndProjectSection
EndProject
Project("{2150E333-8FDC-42A3-9474-1A3956D46DE8}") = "Frontend", "Frontend", "{DA6EC45F-2458-427A-95B5-1AD777EE4E6E}"
EndProject
Project("{9A19103F-16F7-4668-BE54-9A1E7A4F7556}") = "Database", "OnionArchitecture\Database\Database.csproj", "{8038D993-3D02-4BD7-AC7B-2CCF78938A1B}"
EndProject
Project("{9A19103F-16F7-4668-BE54-9A1E7A4F7556}") = "DataAccess", "OnionArchitecture\DataAccess\DataAccess.csproj", "{6E158BCA-06CB-4F6A-A600-F6F7A2E00AF7}"
EndProject
Project("{9A19103F-16F7-4668-BE54-9A1E7A4F7556}") = "DataAccess.Test", "Testing\DataAccess.Test\DataAccess.Test.csproj", "{C1261610-7CC5-4CCD-AD4C-CE6FA76892C8}"
EndProject
Project("{FAE04EC0-301F-11D3-BF4B-00C04F79EFBC}") = "WebBlaze.Server", "Frontend\WebBlaze\Server\WebBlaze.Server.csproj", "{B5874A3C-667F-4908-ACC1-6DEB38537020}"
EndProject
Project("{FAE04EC0-301F-11D3-BF4B-00C04F79EFBC}") = "WebBlaze.Client", "Frontend\WebBlaze\Client\WebBlaze.Client.csproj", "{05376D3A-E6D7-4C31-8BC7-C86B416DAE75}"
EndProject
Project("{FAE04EC0-301F-11D3-BF4B-00C04F79EFBC}") = "WebBlaze.Shared", "Frontend\WebBlaze\Shared\WebBlaze.Shared.csproj", "{82A9DBBE-F94A-4097-8097-13A7D2373AC3}"
EndProject
Global
	GlobalSection(SolutionConfigurationPlatforms) = preSolution
		Debug|Any CPU = Debug|Any CPU
		Release|Any CPU = Release|Any CPU
	EndGlobalSection
	GlobalSection(ProjectConfigurationPlatforms) = postSolution
		{A0019770-97B8-414E-8775-A00F74C4978D}.Debug|Any CPU.ActiveCfg = Debug|Any CPU
		{A0019770-97B8-414E-8775-A00F74C4978D}.Debug|Any CPU.Build.0 = Debug|Any CPU
		{A0019770-97B8-414E-8775-A00F74C4978D}.Release|Any CPU.ActiveCfg = Release|Any CPU
		{A0019770-97B8-414E-8775-A00F74C4978D}.Release|Any CPU.Build.0 = Release|Any CPU
		{09169D24-665E-4C52-9569-C64435D9D576}.Debug|Any CPU.ActiveCfg = Debug|Any CPU
		{09169D24-665E-4C52-9569-C64435D9D576}.Debug|Any CPU.Build.0 = Debug|Any CPU
		{09169D24-665E-4C52-9569-C64435D9D576}.Release|Any CPU.ActiveCfg = Release|Any CPU
		{09169D24-665E-4C52-9569-C64435D9D576}.Release|Any CPU.Build.0 = Release|Any CPU
		{8038D993-3D02-4BD7-AC7B-2CCF78938A1B}.Debug|Any CPU.ActiveCfg = Debug|Any CPU
		{8038D993-3D02-4BD7-AC7B-2CCF78938A1B}.Debug|Any CPU.Build.0 = Debug|Any CPU
		{8038D993-3D02-4BD7-AC7B-2CCF78938A1B}.Release|Any CPU.ActiveCfg = Release|Any CPU
		{8038D993-3D02-4BD7-AC7B-2CCF78938A1B}.Release|Any CPU.Build.0 = Release|Any CPU
		{6E158BCA-06CB-4F6A-A600-F6F7A2E00AF7}.Debug|Any CPU.ActiveCfg = Debug|Any CPU
		{6E158BCA-06CB-4F6A-A600-F6F7A2E00AF7}.Debug|Any CPU.Build.0 = Debug|Any CPU
		{6E158BCA-06CB-4F6A-A600-F6F7A2E00AF7}.Release|Any CPU.ActiveCfg = Release|Any CPU
		{6E158BCA-06CB-4F6A-A600-F6F7A2E00AF7}.Release|Any CPU.Build.0 = Release|Any CPU
		{C1261610-7CC5-4CCD-AD4C-CE6FA76892C8}.Debug|Any CPU.ActiveCfg = Debug|Any CPU
		{C1261610-7CC5-4CCD-AD4C-CE6FA76892C8}.Debug|Any CPU.Build.0 = Debug|Any CPU
		{C1261610-7CC5-4CCD-AD4C-CE6FA76892C8}.Release|Any CPU.ActiveCfg = Release|Any CPU
		{C1261610-7CC5-4CCD-AD4C-CE6FA76892C8}.Release|Any CPU.Build.0 = Release|Any CPU
		{B5874A3C-667F-4908-ACC1-6DEB38537020}.Debug|Any CPU.ActiveCfg = Debug|Any CPU
		{B5874A3C-667F-4908-ACC1-6DEB38537020}.Debug|Any CPU.Build.0 = Debug|Any CPU
		{B5874A3C-667F-4908-ACC1-6DEB38537020}.Release|Any CPU.ActiveCfg = Release|Any CPU
		{B5874A3C-667F-4908-ACC1-6DEB38537020}.Release|Any CPU.Build.0 = Release|Any CPU
		{05376D3A-E6D7-4C31-8BC7-C86B416DAE75}.Debug|Any CPU.ActiveCfg = Debug|Any CPU
		{05376D3A-E6D7-4C31-8BC7-C86B416DAE75}.Debug|Any CPU.Build.0 = Debug|Any CPU
		{05376D3A-E6D7-4C31-8BC7-C86B416DAE75}.Release|Any CPU.ActiveCfg = Release|Any CPU
		{05376D3A-E6D7-4C31-8BC7-C86B416DAE75}.Release|Any CPU.Build.0 = Release|Any CPU
		{82A9DBBE-F94A-4097-8097-13A7D2373AC3}.Debug|Any CPU.ActiveCfg = Debug|Any CPU
		{82A9DBBE-F94A-4097-8097-13A7D2373AC3}.Debug|Any CPU.Build.0 = Debug|Any CPU
		{82A9DBBE-F94A-4097-8097-13A7D2373AC3}.Release|Any CPU.ActiveCfg = Release|Any CPU
		{82A9DBBE-F94A-4097-8097-13A7D2373AC3}.Release|Any CPU.Build.0 = Release|Any CPU
	EndGlobalSection
	GlobalSection(SolutionProperties) = preSolution
		HideSolutionNode = FALSE
	EndGlobalSection
	GlobalSection(NestedProjects) = preSolution
		{A0019770-97B8-414E-8775-A00F74C4978D} = {DF8B01D0-EA1A-45C9-B2CC-807BEF06B48D}
		{09169D24-665E-4C52-9569-C64435D9D576} = {C79D2225-BA84-4832-A775-F1CFC7DD0587}
		{8038D993-3D02-4BD7-AC7B-2CCF78938A1B} = {DF8B01D0-EA1A-45C9-B2CC-807BEF06B48D}
		{6E158BCA-06CB-4F6A-A600-F6F7A2E00AF7} = {DF8B01D0-EA1A-45C9-B2CC-807BEF06B48D}
		{C1261610-7CC5-4CCD-AD4C-CE6FA76892C8} = {C79D2225-BA84-4832-A775-F1CFC7DD0587}
		{B5874A3C-667F-4908-ACC1-6DEB38537020} = {DA6EC45F-2458-427A-95B5-1AD777EE4E6E}
		{05376D3A-E6D7-4C31-8BC7-C86B416DAE75} = {DA6EC45F-2458-427A-95B5-1AD777EE4E6E}
		{82A9DBBE-F94A-4097-8097-13A7D2373AC3} = {DA6EC45F-2458-427A-95B5-1AD777EE4E6E}
	EndGlobalSection
	GlobalSection(ExtensibilityGlobals) = postSolution
		SolutionGuid = {60A986FB-2070-4E58-B1E9-1C61AFEBB98D}
	EndGlobalSection
EndGlobal
