
Microsoft Visual Studio Solution File, Format Version 12.00
# Visual Studio Version 17
VisualStudioVersion = 17.7.34221.43
MinimumVisualStudioVersion = 10.0.40219.1
Project("{2150E333-8FDC-42A3-9474-1A3956D46DE8}") = "OnionArchitecture", "OnionArchitecture", "{DF8B01D0-EA1A-45C9-B2CC-807BEF06B48D}"
EndProject
Project("{9A19103F-16F7-4668-BE54-9A1E7A4F7556}") = "Core", "OnionArchitecture\Core\Core.csproj", "{A0019770-97B8-414E-8775-A00F74C4978D}"
EndProject
Project("{2150E333-8FDC-42A3-9474-1A3956D46DE8}") = "Testing", "Testing", "{C79D2225-BA84-4832-A775-F1CFC7DD0587}"
EndProject
Project("{9A19103F-16F7-4668-BE54-9A1E7A4F7556}") = "Core.Test", "Testing\Core.Test\Core.Test.csproj", "{09169D24-665E-4C52-9569-C64435D9D576}"
EndProject
Project("{2150E333-8FDC-42A3-9474-1A3956D46DE8}") = "BuildScripts", "BuildScripts", "{8DD44BFA-B5BA-4957-8588-13C0EFAC6136}"
	ProjectSection(SolutionItems) = preProject
		build.bat = build.bat
		build.ps1 = build.ps1
		BuildFunctions.ps1 = BuildFunctions.ps1
		click_to_build.bat = click_to_build.bat
		PrivateBuild.ps1 = PrivateBuild.ps1
	EndProjectSection
EndProject
Global
	GlobalSection(SolutionConfigurationPlatforms) = preSolution
		Debug|Any CPU = Debug|Any CPU
		Release|Any CPU = Release|Any CPU
	EndGlobalSection
	GlobalSection(ProjectConfigurationPlatforms) = postSolution
		{A0019770-97B8-414E-8775-A00F74C4978D}.Debug|Any CPU.ActiveCfg = Debug|Any CPU
		{A0019770-97B8-414E-8775-A00F74C4978D}.Debug|Any CPU.Build.0 = Debug|Any CPU
		{A0019770-97B8-414E-8775-A00F74C4978D}.Release|Any CPU.ActiveCfg = Release|Any CPU
		{A0019770-97B8-414E-8775-A00F74C4978D}.Release|Any CPU.Build.0 = Release|Any CPU
		{09169D24-665E-4C52-9569-C64435D9D576}.Debug|Any CPU.ActiveCfg = Debug|Any CPU
		{09169D24-665E-4C52-9569-C64435D9D576}.Debug|Any CPU.Build.0 = Debug|Any CPU
		{09169D24-665E-4C52-9569-C64435D9D576}.Release|Any CPU.ActiveCfg = Release|Any CPU
		{09169D24-665E-4C52-9569-C64435D9D576}.Release|Any CPU.Build.0 = Release|Any CPU
	EndGlobalSection
	GlobalSection(SolutionProperties) = preSolution
		HideSolutionNode = FALSE
	EndGlobalSection
	GlobalSection(NestedProjects) = preSolution
		{A0019770-97B8-414E-8775-A00F74C4978D} = {DF8B01D0-EA1A-45C9-B2CC-807BEF06B48D}
		{09169D24-665E-4C52-9569-C64435D9D576} = {C79D2225-BA84-4832-A775-F1CFC7DD0587}
	EndGlobalSection
	GlobalSection(ExtensibilityGlobals) = postSolution
		SolutionGuid = {60A986FB-2070-4E58-B1E9-1C61AFEBB98D}
	EndGlobalSection
EndGlobal
